{
  "originHash" : "95ce2756e3c82f45d1296170f5566f9aa160442e28b5f0110977f3a1d002bfc5",
  "pins" : [
    {
      "identity" : "swift-sdk",
      "kind" : "remoteSourceControl",
      "location" : "https://github.com/open-feature/swift-sdk",
      "state" : {
        "revision" : "e2be5852827d7d6b837b9a4e577bb52bea6322d7",
        "version" : "0.3.0"
      }
    }
  ],
  "version" : 3
}
