{
  "originHash" : "b0e5dcfb0adb20daa4f54f8a859c9ac0075968bb45719668d562075fb63b821d",
  "pins" : [
    {
      "identity" : "simplelogger",
      "kind" : "remoteSourceControl",
      "location" : "https://github.com/fatbobman/SimpleLogger",
      "state" : {
        "revision" : "475edf2a208f9840cd37a7db7b0c894164954e75",
        "version" : "0.1.2"
      }
    },
    {
      "identity" : "swift-sdk",
      "kind" : "remoteSourceControl",
      "location" : "https://github.com/open-feature/swift-sdk",
      "state" : {
        "revision" : "e2be5852827d7d6b837b9a4e577bb52bea6322d7",
        "version" : "0.3.0"
      }
    }
  ],
  "version" : 3
}
